
Microsoft Visual Studio Solution File, Format Version 12.00
# Visual Studio 15
VisualStudioVersion = 15.0.27703.2035
MinimumVisualStudioVersion = 10.0.40219.1
Project("{FAE04EC0-301F-11D3-BF4B-00C04F79EFBC}") = "LongestCommonSubsequenceOfTwoStrings", "LongestCommonSubsequenceOfTwoStrings\LongestCommonSubsequenceOfTwoStrings.csproj", "{EACE695A-F6F6-453E-BC7E-613C7B7CB762}"
EndProject
Global
	GlobalSection(SolutionConfigurationPlatforms) = preSolution
		Debug|Any CPU = Debug|Any CPU
		Release|Any CPU = Release|Any CPU
	EndGlobalSection
	GlobalSection(ProjectConfigurationPlatforms) = postSolution
		{EACE695A-F6F6-453E-BC7E-613C7B7CB762}.Debug|Any CPU.ActiveCfg = Debug|Any CPU
		{EACE695A-F6F6-453E-BC7E-613C7B7CB762}.Debug|Any CPU.Build.0 = Debug|Any CPU
		{EACE695A-F6F6-453E-BC7E-613C7B7CB762}.Release|Any CPU.ActiveCfg = Release|Any CPU
		{EACE695A-F6F6-453E-BC7E-613C7B7CB762}.Release|Any CPU.Build.0 = Release|Any CPU
	EndGlobalSection
	GlobalSection(SolutionProperties) = preSolution
		HideSolutionNode = FALSE
	EndGlobalSection
	GlobalSection(ExtensibilityGlobals) = postSolution
		SolutionGuid = {95AF0072-4F06-447E-BE18-A90A7FD005B1}
	EndGlobalSection
EndGlobal
